<?xml version="1.0" encoding="utf-8"?>
<Project ToolsVersion="4.0" xmlns="http://schemas.microsoft.com/developer/msbuild/2003">
  <ItemGroup>
    <Filter Include="code">
      <UniqueIdentifier>{f89636df-02d6-47ac-bb45-a93e042b459a}</UniqueIdentifier>
    </Filter>
    <Filter Include="code\ui">
      <UniqueIdentifier>{7e525767-2aaa-4378-a6de-b70c3f07a1cf}</UniqueIdentifier>
    </Filter>
  </ItemGroup>
  <ItemGroup>
    <ClCompile Include="wxed.cpp">
      <Filter>code</Filter>
    </ClCompile>
    <ClCompile Include="main.cpp">
      <Filter>code</Filter>
    </ClCompile>
    <ClCompile Include="input.cpp">
      <Filter>code</Filter>
    </ClCompile>
    <ClCompile Include="panel.cpp">
      <Filter>code</Filter>
    </ClCompile>
  </ItemGroup>
  <ItemGroup>
    <ClInclude Include="wxed.h">
      <Filter>code</Filter>
    </ClInclude>
    <ClInclude Include="input.h">
      <Filter>code</Filter>
    </ClInclude>
    <ClInclude Include="panel.h">
      <Filter>code</Filter>
    </ClInclude>
    <ClInclude Include="utils.h">
      <Filter>code</Filter>
    </ClInclude>
    <ClInclude Include="filecontent.h">
      <Filter>code\ui</Filter>
    </ClInclude>
    <ClInclude Include="footer.h">
      <Filter>code\ui</Filter>
    </ClInclude>
    <ClInclude Include="scrollbar.h">
      <Filter>code\ui</Filter>
    </ClInclude>
    <ClInclude Include="titlebar.h">
      <Filter>code\ui</Filter>
    </ClInclude>
  </ItemGroup>
</Project>